{
  "pins" : [
    {
      "identity" : "wireguard-apple",
      "kind" : "remoteSourceControl",
      "location" : "https://git.zx2c4.com/wireguard-apple",
      "state" : {
        "revision" : "10da5cfdef362889b438cfbeff867a74e6d717fd",
        "version" : "1.0.15-26"
      }
    }
  ],
  "version" : 2
}
